
Microsoft Visual Studio Solution File, Format Version 12.00
# Visual Studio 15
VisualStudioVersion = 15.0.28307.489
MinimumVisualStudioVersion = 10.0.40219.1
Project("{FAE04EC0-301F-11D3-BF4B-00C04F79EFBC}") = "Inheritance Constructor", "Inheritance Constructor\Inheritance Constructor.csproj", "{28F812B6-B0A2-4B12-8222-6DB95D914415}"
EndProject
Global
	GlobalSection(SolutionConfigurationPlatforms) = preSolution
		Debug|Any CPU = Debug|Any CPU
		Release|Any CPU = Release|Any CPU
	EndGlobalSection
	GlobalSection(ProjectConfigurationPlatforms) = postSolution
		{28F812B6-B0A2-4B12-8222-6DB95D914415}.Debug|Any CPU.ActiveCfg = Debug|Any CPU
		{28F812B6-B0A2-4B12-8222-6DB95D914415}.Debug|Any CPU.Build.0 = Debug|Any CPU
		{28F812B6-B0A2-4B12-8222-6DB95D914415}.Release|Any CPU.ActiveCfg = Release|Any CPU
		{28F812B6-B0A2-4B12-8222-6DB95D914415}.Release|Any CPU.Build.0 = Release|Any CPU
	EndGlobalSection
	GlobalSection(SolutionProperties) = preSolution
		HideSolutionNode = FALSE
	EndGlobalSection
	GlobalSection(ExtensibilityGlobals) = postSolution
		SolutionGuid = {C7C35354-7D14-415A-9A55-063BFDE89686}
	EndGlobalSection
EndGlobal
